
Microsoft Visual Studio Solution File, Format Version 12.00
# Visual Studio Version 17
VisualStudioVersion = 17.3.32929.385
MinimumVisualStudioVersion = 10.0.40219.1
Project("{FAE04EC0-301F-11D3-BF4B-00C04F79EFBC}") = "WindowsMultiFormsApp", "WindowsMultiFormsApp.csproj", "{2A4B00B0-EE8E-4296-B841-82908AB9F541}"
EndProject
Global
	GlobalSection(SolutionConfigurationPlatforms) = preSolution
		Debug|Any CPU = Debug|Any CPU
		Release|Any CPU = Release|Any CPU
	EndGlobalSection
	GlobalSection(ProjectConfigurationPlatforms) = postSolution
		{2A4B00B0-EE8E-4296-B841-82908AB9F541}.Debug|Any CPU.ActiveCfg = Debug|Any CPU
		{2A4B00B0-EE8E-4296-B841-82908AB9F541}.Debug|Any CPU.Build.0 = Debug|Any CPU
		{2A4B00B0-EE8E-4296-B841-82908AB9F541}.Release|Any CPU.ActiveCfg = Release|Any CPU
		{2A4B00B0-EE8E-4296-B841-82908AB9F541}.Release|Any CPU.Build.0 = Release|Any CPU
	EndGlobalSection
	GlobalSection(SolutionProperties) = preSolution
		HideSolutionNode = FALSE
	EndGlobalSection
	GlobalSection(ExtensibilityGlobals) = postSolution
		SolutionGuid = {7CE60549-EC46-4EA3-9282-0F7B170AB2F5}
	EndGlobalSection
EndGlobal
